
Microsoft Visual Studio Solution File, Format Version 12.00
# Visual Studio Version 16
Project("{8BC9CEB8-8B4A-11D0-8D11-00A0C91BC942}") = "TimothE", "TimothE\TimothE.vcxproj", "{DF7EBC42-4B5E-3BDE-5476-C6B4C0D4A13F}"
EndProject
Global
	GlobalSection(SolutionConfigurationPlatforms) = preSolution
		Debug|x64 = Debug|x64
		Release|x64 = Release|x64
	EndGlobalSection
	GlobalSection(ProjectConfigurationPlatforms) = postSolution
		{DF7EBC42-4B5E-3BDE-5476-C6B4C0D4A13F}.Debug|x64.ActiveCfg = Debug|x64
		{DF7EBC42-4B5E-3BDE-5476-C6B4C0D4A13F}.Debug|x64.Build.0 = Debug|x64
		{DF7EBC42-4B5E-3BDE-5476-C6B4C0D4A13F}.Release|x64.ActiveCfg = Release|x64
		{DF7EBC42-4B5E-3BDE-5476-C6B4C0D4A13F}.Release|x64.Build.0 = Release|x64
	EndGlobalSection
	GlobalSection(SolutionProperties) = preSolution
		HideSolutionNode = FALSE
	EndGlobalSection
EndGlobal
