<?xml version="1.0" encoding="utf-8"?>
<Project ToolsVersion="4.0" xmlns="http://schemas.microsoft.com/developer/msbuild/2003">
  <ItemGroup>
    <Filter Include="Imgui">
      <UniqueIdentifier>{E087650D-4C9C-8DBE-151E-311E81F189EF}</UniqueIdentifier>
    </Filter>
    <Filter Include="SOIL">
      <UniqueIdentifier>{BCEC8B7C-A823-8D0D-5110-73103D26090F}</UniqueIdentifier>
    </Filter>
  </ItemGroup>
  <ItemGroup>
    <ClInclude Include="Application.h" />
    <ClInclude Include="ApplicationEvent.h" />
    <ClInclude Include="Component.h" />
    <ClInclude Include="Editor.h" />
    <ClInclude Include="Event.h" />
    <ClInclude Include="Framebuffer.h" />
    <ClInclude Include="GameObject.h" />
    <ClInclude Include="Heap.h" />
    <ClInclude Include="HeapManager.h" />
    <ClInclude Include="ImGuiManager.h" />
    <ClInclude Include="Imgui\imconfig.h">
      <Filter>Imgui</Filter>
    </ClInclude>
    <ClInclude Include="Imgui\imgui.h">
      <Filter>Imgui</Filter>
    </ClInclude>
    <ClInclude Include="Imgui\imgui_impl_glfw.h">
      <Filter>Imgui</Filter>
    </ClInclude>
    <ClInclude Include="Imgui\imgui_impl_opengl3.h">
      <Filter>Imgui</Filter>
    </ClInclude>
    <ClInclude Include="Imgui\imgui_impl_opengl3_loader.h">
      <Filter>Imgui</Filter>
    </ClInclude>
    <ClInclude Include="Imgui\imgui_internal.h">
      <Filter>Imgui</Filter>
    </ClInclude>
    <ClInclude Include="Imgui\imstb_rectpack.h">
      <Filter>Imgui</Filter>
    </ClInclude>
    <ClInclude Include="Imgui\imstb_textedit.h">
      <Filter>Imgui</Filter>
    </ClInclude>
    <ClInclude Include="Imgui\imstb_truetype.h">
      <Filter>Imgui</Filter>
    </ClInclude>
    <ClInclude Include="Input.h" />
    <ClInclude Include="KeyEvent.h" />
    <ClInclude Include="MemoryManager.h" />
    <ClInclude Include="MouseEvent.h" />
    <ClInclude Include="Renderer.h" />
    <ClInclude Include="SOIL\SOIL2.h">
      <Filter>SOIL</Filter>
    </ClInclude>
    <ClInclude Include="SOIL\image_DXT.h">
      <Filter>SOIL</Filter>
    </ClInclude>
    <ClInclude Include="SOIL\image_helper.h">
      <Filter>SOIL</Filter>
    </ClInclude>
    <ClInclude Include="SOIL\jo_jpeg.h">
      <Filter>SOIL</Filter>
    </ClInclude>
    <ClInclude Include="SOIL\pkm_helper.h">
      <Filter>SOIL</Filter>
    </ClInclude>
    <ClInclude Include="SOIL\pvr_helper.h">
      <Filter>SOIL</Filter>
    </ClInclude>
    <ClInclude Include="SOIL\stb_image.h">
      <Filter>SOIL</Filter>
    </ClInclude>
    <ClInclude Include="SOIL\stb_image_write.h">
      <Filter>SOIL</Filter>
    </ClInclude>
    <ClInclude Include="SOIL\stbi_DDS.h">
      <Filter>SOIL</Filter>
    </ClInclude>
    <ClInclude Include="SOIL\stbi_DDS_c.h">
      <Filter>SOIL</Filter>
    </ClInclude>
    <ClInclude Include="SOIL\stbi_ext.h">
      <Filter>SOIL</Filter>
    </ClInclude>
    <ClInclude Include="SOIL\stbi_ext_c.h">
      <Filter>SOIL</Filter>
    </ClInclude>
    <ClInclude Include="SOIL\stbi_pkm.h">
      <Filter>SOIL</Filter>
    </ClInclude>
    <ClInclude Include="SOIL\stbi_pkm_c.h">
      <Filter>SOIL</Filter>
    </ClInclude>
    <ClInclude Include="SOIL\stbi_pvr.h">
      <Filter>SOIL</Filter>
    </ClInclude>
    <ClInclude Include="SOIL\stbi_pvr_c.h">
      <Filter>SOIL</Filter>
    </ClInclude>
    <ClInclude Include="SOIL\wfETC.h">
      <Filter>SOIL</Filter>
    </ClInclude>
    <ClInclude Include="Scene.h" />
    <ClInclude Include="Shader.h" />
    <ClInclude Include="TestComponent.h" />
    <ClInclude Include="Texture2D.h" />
    <ClInclude Include="TimothEInputCodes.h" />
    <ClInclude Include="Transform.h" />
    <ClInclude Include="UID.h" />
    <ClInclude Include="Window.h" />
    <ClInclude Include="Button.h" />
  </ItemGroup>
  <ItemGroup>
    <ClCompile Include="Application.cpp" />
    <ClCompile Include="Component.cpp" />
    <ClCompile Include="Editor.cpp" />
    <ClCompile Include="Framebuffer.cpp" />
    <ClCompile Include="GameObject.cpp" />
    <ClCompile Include="Heap.cpp" />
    <ClCompile Include="HeapManager.cpp" />
    <ClCompile Include="Imgui\imgui.cpp">
      <Filter>Imgui</Filter>
    </ClCompile>
    <ClCompile Include="Imgui\imgui_demo.cpp">
      <Filter>Imgui</Filter>
    </ClCompile>
    <ClCompile Include="Imgui\imgui_draw.cpp">
      <Filter>Imgui</Filter>
    </ClCompile>
    <ClCompile Include="Imgui\imgui_impl_glfw.cpp">
      <Filter>Imgui</Filter>
    </ClCompile>
    <ClCompile Include="Imgui\imgui_impl_opengl3.cpp">
      <Filter>Imgui</Filter>
    </ClCompile>
    <ClCompile Include="Imgui\imgui_tables.cpp">
      <Filter>Imgui</Filter>
    </ClCompile>
    <ClCompile Include="Imgui\imgui_widgets.cpp">
      <Filter>Imgui</Filter>
    </ClCompile>
    <ClCompile Include="Input.cpp" />
    <ClCompile Include="MemoryManager.cpp" />
    <ClCompile Include="Renderer.cpp" />
    <ClCompile Include="Scene.cpp" />
    <ClCompile Include="Shader.cpp" />
    <ClCompile Include="Source.cpp" />
    <ClCompile Include="TestComponent.cpp" />
    <ClCompile Include="Texture2D.cpp" />
    <ClCompile Include="Transform.cpp" />
    <ClCompile Include="Window.cpp" />
    <ClCompile Include="Button.cpp" />
  </ItemGroup>
  <ItemGroup>
    <None Include="FragmentShader.frag" />
    <None Include="VertexShader.vert" />
  </ItemGroup>
</Project>