<?xml version="1.0" encoding="utf-8"?>
<Project ToolsVersion="4.0" xmlns="http://schemas.microsoft.com/developer/msbuild/2003">
  <ItemGroup>
    <Filter Include="Headers">
      <UniqueIdentifier>{C196CD9C-2D76-4C38-368E-D70EA2ECB299}</UniqueIdentifier>
    </Filter>
    <Filter Include="Source">
      <UniqueIdentifier>{56EB95D1-428D-C0A7-2B48-D4FB178947F8}</UniqueIdentifier>
    </Filter>
  </ItemGroup>
  <ItemGroup>
    <ClInclude Include="AStar.h">
      <Filter>Headers</Filter>
    </ClInclude>
    <ClInclude Include="AnimatedSpritesheet.h">
      <Filter>Headers</Filter>
    </ClInclude>
    <ClInclude Include="Application.h">
      <Filter>Headers</Filter>
    </ClInclude>
    <ClInclude Include="Core\Events\ApplicationEvent.h">
      <Filter>Headers</Filter>
    </ClInclude>
    <ClInclude Include="AudioEngine.h">
      <Filter>Headers</Filter>
    </ClInclude>
    <ClInclude Include="Core\Graphics\Base.h">
      <Filter>Headers</Filter>
    </ClInclude>
    <ClInclude Include="BoxColliderComponent.h">
      <Filter>Headers</Filter>
    </ClInclude>
    <ClInclude Include="Core\Graphics\BufferLayout.h">
      <Filter>Headers</Filter>
    </ClInclude>
    <ClInclude Include="Button.h">
      <Filter>Headers</Filter>
    </ClInclude>
    <ClInclude Include="Camera.h">
      <Filter>Headers</Filter>
    </ClInclude>
    <ClInclude Include="CameraManager.h">
      <Filter>Headers</Filter>
    </ClInclude>
    <ClInclude Include="ColliderBase.h">
      <Filter>Headers</Filter>
    </ClInclude>
    <ClInclude Include="Component.h">
      <Filter>Headers</Filter>
    </ClInclude>
    <ClInclude Include="ComponentFactory.h">
      <Filter>Headers</Filter>
    </ClInclude>
    <ClInclude Include="Console.h">
      <Filter>Headers</Filter>
    </ClInclude>
    <ClInclude Include="Dirent.h">
      <Filter>Headers</Filter>
    </ClInclude>
    <ClInclude Include="Editor.h">
      <Filter>Headers</Filter>
    </ClInclude>
    <ClInclude Include="Core\Events\Event.h">
      <Filter>Headers</Filter>
    </ClInclude>
    <ClInclude Include="FarmScene.h">
      <Filter>Headers</Filter>
    </ClInclude>
    <ClInclude Include="Font.h">
      <Filter>Headers</Filter>
    </ClInclude>
    <ClInclude Include="Core\Graphics\Framebuffer.h">
      <Filter>Headers</Filter>
    </ClInclude>
    <ClInclude Include="GameObject.h">
      <Filter>Headers</Filter>
    </ClInclude>
    <ClInclude Include="Heap.h">
      <Filter>Headers</Filter>
    </ClInclude>
    <ClInclude Include="HeapManager.h">
      <Filter>Headers</Filter>
    </ClInclude>
    <ClInclude Include="Core\Graphics\IBO.h">
      <Filter>Headers</Filter>
    </ClInclude>
    <ClInclude Include="ImGuiManager.h">
      <Filter>Headers</Filter>
    </ClInclude>
    <ClInclude Include="Imgui\imconfig.h">
      <Filter>Headers</Filter>
    </ClInclude>
    <ClInclude Include="Imgui\imgui.h">
      <Filter>Headers</Filter>
    </ClInclude>
    <ClInclude Include="Imgui\imgui_impl_glfw.h">
      <Filter>Headers</Filter>
    </ClInclude>
    <ClInclude Include="Imgui\imgui_impl_opengl3.h">
      <Filter>Headers</Filter>
    </ClInclude>
    <ClInclude Include="Imgui\imgui_impl_opengl3_loader.h">
      <Filter>Headers</Filter>
    </ClInclude>
    <ClInclude Include="Imgui\imgui_internal.h">
      <Filter>Headers</Filter>
    </ClInclude>
    <ClInclude Include="Imgui\imstb_rectpack.h">
      <Filter>Headers</Filter>
    </ClInclude>
    <ClInclude Include="Imgui\imstb_textedit.h">
      <Filter>Headers</Filter>
    </ClInclude>
    <ClInclude Include="Imgui\imstb_truetype.h">
      <Filter>Headers</Filter>
    </ClInclude>
    <ClInclude Include="Input.h">
      <Filter>Headers</Filter>
    </ClInclude>
    <ClInclude Include="Core\Events\KeyEvent.h">
      <Filter>Headers</Filter>
    </ClInclude>
    <ClInclude Include="MemoryManager.h">
      <Filter>Headers</Filter>
    </ClInclude>
    <ClInclude Include="Core\Events\MouseEvent.h">
      <Filter>Headers</Filter>
    </ClInclude>
    <ClInclude Include="Core\Graphics\OpenGLError.h">
      <Filter>Headers</Filter>
    </ClInclude>
    <ClInclude Include="Particle.h">
      <Filter>Headers</Filter>
    </ClInclude>
    <ClInclude Include="ParticleSystem.h">
      <Filter>Headers</Filter>
    </ClInclude>
    <ClInclude Include="Physics.h">
      <Filter>Headers</Filter>
    </ClInclude>
    <ClInclude Include="PlayerMovement.h">
      <Filter>Headers</Filter>
    </ClInclude>
    <ClInclude Include="Quad.h">
      <Filter>Headers</Filter>
    </ClInclude>
    <ClInclude Include="Core\Graphics\RBO.h">
      <Filter>Headers</Filter>
    </ClInclude>
    <ClInclude Include="Core\Graphics\Renderer2D.h">
      <Filter>Headers</Filter>
    </ClInclude>
    <ClInclude Include="ResourceManager.h">
      <Filter>Headers</Filter>
    </ClInclude>
    <ClInclude Include="SOIL\SOIL2.h">
      <Filter>Headers</Filter>
    </ClInclude>
    <ClInclude Include="SOIL\image_DXT.h">
      <Filter>Headers</Filter>
    </ClInclude>
    <ClInclude Include="SOIL\image_helper.h">
      <Filter>Headers</Filter>
    </ClInclude>
    <ClInclude Include="SOIL\jo_jpeg.h">
      <Filter>Headers</Filter>
    </ClInclude>
    <ClInclude Include="SOIL\pkm_helper.h">
      <Filter>Headers</Filter>
    </ClInclude>
    <ClInclude Include="SOIL\pvr_helper.h">
      <Filter>Headers</Filter>
    </ClInclude>
    <ClInclude Include="SOIL\stb_image.h">
      <Filter>Headers</Filter>
    </ClInclude>
    <ClInclude Include="SOIL\stb_image_write.h">
      <Filter>Headers</Filter>
    </ClInclude>
    <ClInclude Include="SOIL\stbi_DDS.h">
      <Filter>Headers</Filter>
    </ClInclude>
    <ClInclude Include="SOIL\stbi_DDS_c.h">
      <Filter>Headers</Filter>
    </ClInclude>
    <ClInclude Include="SOIL\stbi_ext.h">
      <Filter>Headers</Filter>
    </ClInclude>
    <ClInclude Include="SOIL\stbi_ext_c.h">
      <Filter>Headers</Filter>
    </ClInclude>
    <ClInclude Include="SOIL\stbi_pkm.h">
      <Filter>Headers</Filter>
    </ClInclude>
    <ClInclude Include="SOIL\stbi_pkm_c.h">
      <Filter>Headers</Filter>
    </ClInclude>
    <ClInclude Include="SOIL\stbi_pvr.h">
      <Filter>Headers</Filter>
    </ClInclude>
    <ClInclude Include="SOIL\stbi_pvr_c.h">
      <Filter>Headers</Filter>
    </ClInclude>
    <ClInclude Include="SOIL\wfETC.h">
      <Filter>Headers</Filter>
    </ClInclude>
    <ClInclude Include="Scene.h">
      <Filter>Headers</Filter>
    </ClInclude>
    <ClInclude Include="SceneManager.h">
      <Filter>Headers</Filter>
    </ClInclude>
    <ClInclude Include="Serializable.h">
      <Filter>Headers</Filter>
    </ClInclude>
    <ClInclude Include="Core\Graphics\Shader.h">
      <Filter>Headers</Filter>
    </ClInclude>
    <ClInclude Include="Sprite.h">
      <Filter>Headers</Filter>
    </ClInclude>
    <ClInclude Include="SpriteComponent.h">
      <Filter>Headers</Filter>
    </ClInclude>
    <ClInclude Include="SpriteSheet.h">
      <Filter>Headers</Filter>
    </ClInclude>
    <ClInclude Include="Stream.h">
      <Filter>Headers</Filter>
    </ClInclude>
    <ClInclude Include="StreamFile.h">
      <Filter>Headers</Filter>
    </ClInclude>
    <ClInclude Include="Core\Graphics\SubTexture2D.h">
      <Filter>Headers</Filter>
    </ClInclude>
    <ClInclude Include="TestComponent.h">
      <Filter>Headers</Filter>
    </ClInclude>
    <ClInclude Include="TextComponent.h">
      <Filter>Headers</Filter>
    </ClInclude>
    <ClInclude Include="Texture2D.h">
      <Filter>Headers</Filter>
    </ClInclude>
    <ClInclude Include="TileData.h">
      <Filter>Headers</Filter>
    </ClInclude>
    <ClInclude Include="TileMap.h">
      <Filter>Headers</Filter>
    </ClInclude>
    <ClInclude Include="TileMapEditor.h">
      <Filter>Headers</Filter>
    </ClInclude>
    <ClInclude Include="Time.h">
      <Filter>Headers</Filter>
    </ClInclude>
    <ClInclude Include="TimothEInputCodes.h">
      <Filter>Headers</Filter>
    </ClInclude>
    <ClInclude Include="Transform.h">
      <Filter>Headers</Filter>
    </ClInclude>
    <ClInclude Include="UID.h">
      <Filter>Headers</Filter>
    </ClInclude>
    <ClInclude Include="Core\Graphics\VAO.h">
      <Filter>Headers</Filter>
    </ClInclude>
    <ClInclude Include="Core\Graphics\VBO.h">
      <Filter>Headers</Filter>
    </ClInclude>
    <ClInclude Include="Core\Graphics\Window.h">
      <Filter>Headers</Filter>
    </ClInclude>
    <ClInclude Include="pch.h">
      <Filter>Headers</Filter>
    </ClInclude>
  </ItemGroup>
  <ItemGroup>
    <ClCompile Include="AStar.cpp">
      <Filter>Source</Filter>
    </ClCompile>
    <ClCompile Include="AnimatedSpritesheet.cpp">
      <Filter>Source</Filter>
    </ClCompile>
    <ClCompile Include="Application.cpp">
      <Filter>Source</Filter>
    </ClCompile>
    <ClCompile Include="AudioEngine.cpp">
      <Filter>Source</Filter>
    </ClCompile>
    <ClCompile Include="BoxColliderComponenet.cpp">
      <Filter>Source</Filter>
    </ClCompile>
    <ClCompile Include="Button.cpp">
      <Filter>Source</Filter>
    </ClCompile>
    <ClCompile Include="Camera.cpp">
      <Filter>Source</Filter>
    </ClCompile>
    <ClCompile Include="CameraManager.cpp">
      <Filter>Source</Filter>
    </ClCompile>
    <ClCompile Include="ColliderBase.cpp">
      <Filter>Source</Filter>
    </ClCompile>
    <ClCompile Include="Console.cpp">
      <Filter>Source</Filter>
    </ClCompile>
    <ClCompile Include="Editor.cpp">
      <Filter>Source</Filter>
    </ClCompile>
    <ClCompile Include="FarmScene.cpp">
      <Filter>Source</Filter>
    </ClCompile>
    <ClCompile Include="Font.cpp">
      <Filter>Source</Filter>
    </ClCompile>
    <ClCompile Include="Core\Graphics\Framebuffer.cpp">
      <Filter>Source</Filter>
    </ClCompile>
    <ClCompile Include="GameObject.cpp">
      <Filter>Source</Filter>
    </ClCompile>
    <ClCompile Include="Heap.cpp">
      <Filter>Source</Filter>
    </ClCompile>
    <ClCompile Include="HeapManager.cpp">
      <Filter>Source</Filter>
    </ClCompile>
    <ClCompile Include="Core\Graphics\IBO.cpp">
      <Filter>Source</Filter>
    </ClCompile>
    <ClCompile Include="Imgui\imgui.cpp">
      <Filter>Source</Filter>
    </ClCompile>
    <ClCompile Include="Imgui\imgui_demo.cpp">
      <Filter>Source</Filter>
    </ClCompile>
    <ClCompile Include="Imgui\imgui_draw.cpp">
      <Filter>Source</Filter>
    </ClCompile>
    <ClCompile Include="Imgui\imgui_impl_glfw.cpp">
      <Filter>Source</Filter>
    </ClCompile>
    <ClCompile Include="Imgui\imgui_impl_opengl3.cpp">
      <Filter>Source</Filter>
    </ClCompile>
    <ClCompile Include="Imgui\imgui_tables.cpp">
      <Filter>Source</Filter>
    </ClCompile>
    <ClCompile Include="Imgui\imgui_widgets.cpp">
      <Filter>Source</Filter>
    </ClCompile>
    <ClCompile Include="Input.cpp">
      <Filter>Source</Filter>
    </ClCompile>
    <ClCompile Include="MemoryManager.cpp">
      <Filter>Source</Filter>
    </ClCompile>
    <ClCompile Include="Particle.cpp">
      <Filter>Source</Filter>
    </ClCompile>
    <ClCompile Include="ParticleSystem.cpp">
      <Filter>Source</Filter>
    </ClCompile>
    <ClCompile Include="Physics.cpp">
      <Filter>Source</Filter>
    </ClCompile>
    <ClCompile Include="PlayerMovement.cpp">
      <Filter>Source</Filter>
    </ClCompile>
    <ClCompile Include="Core\Graphics\RBO.cpp">
      <Filter>Source</Filter>
    </ClCompile>
    <ClCompile Include="Core\Graphics\Renderer2D.cpp">
      <Filter>Source</Filter>
    </ClCompile>
    <ClCompile Include="ResourceManager.cpp">
      <Filter>Source</Filter>
    </ClCompile>
    <ClCompile Include="Scene.cpp">
      <Filter>Source</Filter>
    </ClCompile>
    <ClCompile Include="SceneManager.cpp">
      <Filter>Source</Filter>
    </ClCompile>
    <ClCompile Include="Core\Graphics\Shader.cpp">
      <Filter>Source</Filter>
    </ClCompile>
    <ClCompile Include="Source.cpp">
      <Filter>Source</Filter>
    </ClCompile>
    <ClCompile Include="Sprite.cpp">
      <Filter>Source</Filter>
    </ClCompile>
    <ClCompile Include="SpriteComponent.cpp">
      <Filter>Source</Filter>
    </ClCompile>
    <ClCompile Include="SpriteSheet.cpp">
      <Filter>Source</Filter>
    </ClCompile>
    <ClCompile Include="StreamFile.cpp">
      <Filter>Source</Filter>
    </ClCompile>
    <ClCompile Include="StreamHelpers.cpp">
      <Filter>Source</Filter>
    </ClCompile>
    <ClCompile Include="Core\Graphics\SubTexture2D.cpp">
      <Filter>Source</Filter>
    </ClCompile>
    <ClCompile Include="TestComponent.cpp">
      <Filter>Source</Filter>
    </ClCompile>
    <ClCompile Include="TextComponent.cpp">
      <Filter>Source</Filter>
    </ClCompile>
    <ClCompile Include="Texture2D.cpp">
      <Filter>Source</Filter>
    </ClCompile>
    <ClCompile Include="TileMap.cpp">
      <Filter>Source</Filter>
    </ClCompile>
    <ClCompile Include="TileMapEditor.cpp">
      <Filter>Source</Filter>
    </ClCompile>
    <ClCompile Include="Transform.cpp">
      <Filter>Source</Filter>
    </ClCompile>
    <ClCompile Include="Core\Graphics\VAO.cpp">
      <Filter>Source</Filter>
    </ClCompile>
    <ClCompile Include="Core\Graphics\VBO.cpp">
      <Filter>Source</Filter>
    </ClCompile>
    <ClCompile Include="Core\Graphics\Window.cpp">
      <Filter>Source</Filter>
    </ClCompile>
    <ClCompile Include="pch.cpp">
      <Filter>Source</Filter>
    </ClCompile>
  </ItemGroup>
</Project>